
Microsoft Visual Studio Solution File, Format Version 12.00
Project("{FAE04EC0-301F-11D3-BF4B-00C04F79EFBC}") = "MiniHTTP_Server", "MiniHTTP_Server\MiniHTTP_Server.csproj", "{CF815B87-4427-4F24-AEA6-98203E12B35E}"
EndProject
Project("{FAE04EC0-301F-11D3-BF4B-00C04F79EFBC}") = "CoR_Middleware", "CoR_Middleware\CoR_Middleware.csproj", "{15590D03-7F39-41EA-A4F3-FE08B7F9CD80}"
EndProject
Project("{FAE04EC0-301F-11D3-BF4B-00C04F79EFBC}") = "MyMiddleware", "MyMiddleware\MyMiddleware.csproj", "{2A97C4A0-D190-4DB7-A256-747F11A21613}"
EndProject
Project("{2150E333-8FDC-42A3-9474-1A3956D46DE8}") = "Dependency injection", "Dependency injection", "{06F7928B-A741-412F-8CF6-FF6357B15D6A}"
EndProject
Project("{FAE04EC0-301F-11D3-BF4B-00C04F79EFBC}") = "Dependency injection", "Dependency injection\Dependency injection\Dependency injection.csproj", "{288CA708-060A-4175-B681-03C947BA777B}"
EndProject
Project("{FAE04EC0-301F-11D3-BF4B-00C04F79EFBC}") = "Razor Page Intro", "Razor Page Intro\Razor Page Intro.csproj", "{A9BB9917-2E4B-46C9-B428-A0C324FF4FE3}"
EndProject
Project("{FAE04EC0-301F-11D3-BF4B-00C04F79EFBC}") = "Razor Page Part 2", "Razor Page Part 2\Razor Page Part 2.csproj", "{2DFB32DF-DE48-4F85-AB4D-BF014C9FDFD2}"
EndProject
Project("{2150E333-8FDC-42A3-9474-1A3956D46DE8}") = "ASP.NET Core MVC", "ASP.NET Core MVC", "{F59115FE-6824-4EAA-94DB-FFD3372AF0FC}"
EndProject
Project("{FAE04EC0-301F-11D3-BF4B-00C04F79EFBC}") = "MVC_Intro", "MVC_Intro\MVC_Intro.csproj", "{73E2BC90-3DBB-4F13-B421-3334D0CC1C0E}"
EndProject
Project("{2150E333-8FDC-42A3-9474-1A3956D46DE8}") = "HTML Helpers - Filters", "HTML Helpers - Filters", "{05A201D7-406C-46E5-9EF6-927E750938A4}"
EndProject
Project("{FAE04EC0-301F-11D3-BF4B-00C04F79EFBC}") = "HTML_Helpers", "HTML_Helpers\HTML_Helpers.csproj", "{9897DA93-03D8-45B4-91CB-F2C996A26FB8}"
EndProject
Project("{2150E333-8FDC-42A3-9474-1A3956D46DE8}") = "CoR_Middleware", "CoR_Middleware", "{C35C3FC4-BFE8-4505-B123-9C1967DAF952}"
EndProject
Project("{2150E333-8FDC-42A3-9474-1A3956D46DE8}") = "MiniHTTP_Server", "MiniHTTP_Server", "{113AB34B-BACF-46C3-8DAF-F020812D2BE3}"
EndProject
Project("{2150E333-8FDC-42A3-9474-1A3956D46DE8}") = "MyMiddleware", "MyMiddleware", "{532C46AF-ABF4-40A8-BE76-05BFAF35256A}"
EndProject
Project("{2150E333-8FDC-42A3-9474-1A3956D46DE8}") = "Razor Page Intro", "Razor Page Intro", "{560A554C-76E2-4123-A49D-13F339055816}"
EndProject
Project("{2150E333-8FDC-42A3-9474-1A3956D46DE8}") = "Razor Page Part 2", "Razor Page Part 2", "{7C9FDF2C-0E54-41C0-8BB2-76490BA71B75}"
EndProject
Project("{2150E333-8FDC-42A3-9474-1A3956D46DE8}") = "Filters", "Filters", "{71CACF64-474F-4C03-91DE-07F36509C7E7}"
EndProject
Project("{FAE04EC0-301F-11D3-BF4B-00C04F79EFBC}") = "Filters_", "Filters_\Filters_.csproj", "{2905758C-C867-49CD-A6F6-BDB6A64CC441}"
EndProject
Project("{FAE04EC0-301F-11D3-BF4B-00C04F79EFBC}") = "ASP_EF_Pagination", "ASP_EF_Pagination\ASP_EF_Pagination.csproj", "{D128BBF7-D347-4567-B4D8-786E44F19524}"
EndProject
Project("{2150E333-8FDC-42A3-9474-1A3956D46DE8}") = "ASP_EF_Pagination", "ASP_EF_Pagination", "{36B47D19-93D7-457B-8E6F-6F1E6BB1ED39}"
EndProject
Project("{2150E333-8FDC-42A3-9474-1A3956D46DE8}") = "ToDo WebAPi", "ToDo WebAPi", "{CA1168BF-FDA2-4820-AB6E-0CD114020680}"
EndProject
Project("{FAE04EC0-301F-11D3-BF4B-00C04F79EFBC}") = "ToDo Web APi", "ToDo Web APi\ToDo Web APi.csproj", "{CFD6282D-9D3C-40D5-955E-A6B7ED1B2CC5}"
EndProject
Global
	GlobalSection(SolutionConfigurationPlatforms) = preSolution
		Debug|Any CPU = Debug|Any CPU
		Release|Any CPU = Release|Any CPU
	EndGlobalSection
	GlobalSection(ProjectConfigurationPlatforms) = postSolution
		{CF815B87-4427-4F24-AEA6-98203E12B35E}.Debug|Any CPU.ActiveCfg = Debug|Any CPU
		{CF815B87-4427-4F24-AEA6-98203E12B35E}.Debug|Any CPU.Build.0 = Debug|Any CPU
		{CF815B87-4427-4F24-AEA6-98203E12B35E}.Release|Any CPU.ActiveCfg = Release|Any CPU
		{CF815B87-4427-4F24-AEA6-98203E12B35E}.Release|Any CPU.Build.0 = Release|Any CPU
		{15590D03-7F39-41EA-A4F3-FE08B7F9CD80}.Debug|Any CPU.ActiveCfg = Debug|Any CPU
		{15590D03-7F39-41EA-A4F3-FE08B7F9CD80}.Debug|Any CPU.Build.0 = Debug|Any CPU
		{15590D03-7F39-41EA-A4F3-FE08B7F9CD80}.Release|Any CPU.ActiveCfg = Release|Any CPU
		{15590D03-7F39-41EA-A4F3-FE08B7F9CD80}.Release|Any CPU.Build.0 = Release|Any CPU
		{2A97C4A0-D190-4DB7-A256-747F11A21613}.Debug|Any CPU.ActiveCfg = Debug|Any CPU
		{2A97C4A0-D190-4DB7-A256-747F11A21613}.Debug|Any CPU.Build.0 = Debug|Any CPU
		{2A97C4A0-D190-4DB7-A256-747F11A21613}.Release|Any CPU.ActiveCfg = Release|Any CPU
		{2A97C4A0-D190-4DB7-A256-747F11A21613}.Release|Any CPU.Build.0 = Release|Any CPU
		{288CA708-060A-4175-B681-03C947BA777B}.Debug|Any CPU.ActiveCfg = Debug|Any CPU
		{288CA708-060A-4175-B681-03C947BA777B}.Debug|Any CPU.Build.0 = Debug|Any CPU
		{288CA708-060A-4175-B681-03C947BA777B}.Release|Any CPU.ActiveCfg = Release|Any CPU
		{288CA708-060A-4175-B681-03C947BA777B}.Release|Any CPU.Build.0 = Release|Any CPU
		{A9BB9917-2E4B-46C9-B428-A0C324FF4FE3}.Debug|Any CPU.ActiveCfg = Debug|Any CPU
		{A9BB9917-2E4B-46C9-B428-A0C324FF4FE3}.Debug|Any CPU.Build.0 = Debug|Any CPU
		{A9BB9917-2E4B-46C9-B428-A0C324FF4FE3}.Release|Any CPU.ActiveCfg = Release|Any CPU
		{A9BB9917-2E4B-46C9-B428-A0C324FF4FE3}.Release|Any CPU.Build.0 = Release|Any CPU
		{2DFB32DF-DE48-4F85-AB4D-BF014C9FDFD2}.Debug|Any CPU.ActiveCfg = Debug|Any CPU
		{2DFB32DF-DE48-4F85-AB4D-BF014C9FDFD2}.Debug|Any CPU.Build.0 = Debug|Any CPU
		{2DFB32DF-DE48-4F85-AB4D-BF014C9FDFD2}.Release|Any CPU.ActiveCfg = Release|Any CPU
		{2DFB32DF-DE48-4F85-AB4D-BF014C9FDFD2}.Release|Any CPU.Build.0 = Release|Any CPU
		{73E2BC90-3DBB-4F13-B421-3334D0CC1C0E}.Debug|Any CPU.ActiveCfg = Debug|Any CPU
		{73E2BC90-3DBB-4F13-B421-3334D0CC1C0E}.Debug|Any CPU.Build.0 = Debug|Any CPU
		{73E2BC90-3DBB-4F13-B421-3334D0CC1C0E}.Release|Any CPU.ActiveCfg = Release|Any CPU
		{73E2BC90-3DBB-4F13-B421-3334D0CC1C0E}.Release|Any CPU.Build.0 = Release|Any CPU
		{9897DA93-03D8-45B4-91CB-F2C996A26FB8}.Debug|Any CPU.ActiveCfg = Debug|Any CPU
		{9897DA93-03D8-45B4-91CB-F2C996A26FB8}.Debug|Any CPU.Build.0 = Debug|Any CPU
		{9897DA93-03D8-45B4-91CB-F2C996A26FB8}.Release|Any CPU.ActiveCfg = Release|Any CPU
		{9897DA93-03D8-45B4-91CB-F2C996A26FB8}.Release|Any CPU.Build.0 = Release|Any CPU
		{2905758C-C867-49CD-A6F6-BDB6A64CC441}.Debug|Any CPU.ActiveCfg = Debug|Any CPU
		{2905758C-C867-49CD-A6F6-BDB6A64CC441}.Debug|Any CPU.Build.0 = Debug|Any CPU
		{2905758C-C867-49CD-A6F6-BDB6A64CC441}.Release|Any CPU.ActiveCfg = Release|Any CPU
		{2905758C-C867-49CD-A6F6-BDB6A64CC441}.Release|Any CPU.Build.0 = Release|Any CPU
		{D128BBF7-D347-4567-B4D8-786E44F19524}.Debug|Any CPU.ActiveCfg = Debug|Any CPU
		{D128BBF7-D347-4567-B4D8-786E44F19524}.Debug|Any CPU.Build.0 = Debug|Any CPU
		{D128BBF7-D347-4567-B4D8-786E44F19524}.Release|Any CPU.ActiveCfg = Release|Any CPU
		{D128BBF7-D347-4567-B4D8-786E44F19524}.Release|Any CPU.Build.0 = Release|Any CPU
		{CFD6282D-9D3C-40D5-955E-A6B7ED1B2CC5}.Debug|Any CPU.ActiveCfg = Debug|Any CPU
		{CFD6282D-9D3C-40D5-955E-A6B7ED1B2CC5}.Debug|Any CPU.Build.0 = Debug|Any CPU
		{CFD6282D-9D3C-40D5-955E-A6B7ED1B2CC5}.Release|Any CPU.ActiveCfg = Release|Any CPU
		{CFD6282D-9D3C-40D5-955E-A6B7ED1B2CC5}.Release|Any CPU.Build.0 = Release|Any CPU
	EndGlobalSection
	GlobalSection(NestedProjects) = preSolution
		{288CA708-060A-4175-B681-03C947BA777B} = {06F7928B-A741-412F-8CF6-FF6357B15D6A}
		{73E2BC90-3DBB-4F13-B421-3334D0CC1C0E} = {F59115FE-6824-4EAA-94DB-FFD3372AF0FC}
		{9897DA93-03D8-45B4-91CB-F2C996A26FB8} = {05A201D7-406C-46E5-9EF6-927E750938A4}
		{15590D03-7F39-41EA-A4F3-FE08B7F9CD80} = {C35C3FC4-BFE8-4505-B123-9C1967DAF952}
		{CF815B87-4427-4F24-AEA6-98203E12B35E} = {113AB34B-BACF-46C3-8DAF-F020812D2BE3}
		{2A97C4A0-D190-4DB7-A256-747F11A21613} = {532C46AF-ABF4-40A8-BE76-05BFAF35256A}
		{A9BB9917-2E4B-46C9-B428-A0C324FF4FE3} = {560A554C-76E2-4123-A49D-13F339055816}
		{2DFB32DF-DE48-4F85-AB4D-BF014C9FDFD2} = {7C9FDF2C-0E54-41C0-8BB2-76490BA71B75}
		{2905758C-C867-49CD-A6F6-BDB6A64CC441} = {71CACF64-474F-4C03-91DE-07F36509C7E7}
		{D128BBF7-D347-4567-B4D8-786E44F19524} = {36B47D19-93D7-457B-8E6F-6F1E6BB1ED39}
		{CFD6282D-9D3C-40D5-955E-A6B7ED1B2CC5} = {CA1168BF-FDA2-4820-AB6E-0CD114020680}
	EndGlobalSection
EndGlobal
